
Microsoft Visual Studio Solution File, Format Version 12.00
# Visual Studio Version 17
VisualStudioVersion = 17.9.34728.123
MinimumVisualStudioVersion = 10.0.40219.1
Project("{FAE04EC0-301F-11D3-BF4B-00C04F79EFBC}") = "WpfApp1", "WpfApp1\WpfApp1.csproj", "{204DBFD1-262D-4F3E-AB2C-47DA5C457BEC}"
EndProject
Global
	GlobalSection(SolutionConfigurationPlatforms) = preSolution
		Debug|Any CPU = Debug|Any CPU
		Release|Any CPU = Release|Any CPU
	EndGlobalSection
	GlobalSection(ProjectConfigurationPlatforms) = postSolution
		{204DBFD1-262D-4F3E-AB2C-47DA5C457BEC}.Debug|Any CPU.ActiveCfg = Debug|Any CPU
		{204DBFD1-262D-4F3E-AB2C-47DA5C457BEC}.Debug|Any CPU.Build.0 = Debug|Any CPU
		{204DBFD1-262D-4F3E-AB2C-47DA5C457BEC}.Release|Any CPU.ActiveCfg = Release|Any CPU
		{204DBFD1-262D-4F3E-AB2C-47DA5C457BEC}.Release|Any CPU.Build.0 = Release|Any CPU
	EndGlobalSection
	GlobalSection(SolutionProperties) = preSolution
		HideSolutionNode = FALSE
	EndGlobalSection
	GlobalSection(ExtensibilityGlobals) = postSolution
		SolutionGuid = {38D9AF85-4DA4-4FA2-88FA-AA17DA76877C}
	EndGlobalSection
EndGlobal
